
Microsoft Visual Studio Solution File, Format Version 12.00
# Visual Studio Version 17
VisualStudioVersion = 17.10.35004.147
MinimumVisualStudioVersion = 10.0.40219.1
Project("{FAE04EC0-301F-11D3-BF4B-00C04F79EFBC}") = "MoviesApi", "MoviesApi\MoviesApi.csproj", "{D96CB119-5981-491F-8AF1-D299FFF83D73}"
EndProject
Global
	GlobalSection(SolutionConfigurationPlatforms) = preSolution
		Debug|Any CPU = Debug|Any CPU
		Release|Any CPU = Release|Any CPU
	EndGlobalSection
	GlobalSection(ProjectConfigurationPlatforms) = postSolution
		{D96CB119-5981-491F-8AF1-D299FFF83D73}.Debug|Any CPU.ActiveCfg = Debug|Any CPU
		{D96CB119-5981-491F-8AF1-D299FFF83D73}.Debug|Any CPU.Build.0 = Debug|Any CPU
		{D96CB119-5981-491F-8AF1-D299FFF83D73}.Release|Any CPU.ActiveCfg = Release|Any CPU
		{D96CB119-5981-491F-8AF1-D299FFF83D73}.Release|Any CPU.Build.0 = Release|Any CPU
	EndGlobalSection
	GlobalSection(SolutionProperties) = preSolution
		HideSolutionNode = FALSE
	EndGlobalSection
	GlobalSection(ExtensibilityGlobals) = postSolution
		SolutionGuid = {3BF68F6E-2ABF-4D90-8816-8905938DFA4B}
	EndGlobalSection
EndGlobal
